
Microsoft Visual Studio Solution File, Format Version 12.00
# Visual Studio 14
VisualStudioVersion = 14.0.25420.1
MinimumVisualStudioVersion = 10.0.40219.1
Project("{FAE04EC0-301F-11D3-BF4B-00C04F79EFBC}") = "FixedThreadPool", "FixedThreadPool\FixedThreadPool.csproj", "{01E8AD3A-8637-4902-A818-83DCB8520DD7}"
EndProject
Project("{FAE04EC0-301F-11D3-BF4B-00C04F79EFBC}") = "KasperskyTask1", "KasperskyTask1\KasperskyTask1.csproj", "{F524DFDD-CDBA-4EA7-AC1D-1CC3041F4BC4}"
EndProject
Project("{FAE04EC0-301F-11D3-BF4B-00C04F79EFBC}") = "KasperskyTask2", "KasperskyTask2\KasperskyTask2.csproj", "{168CEB5E-D507-43E5-9D9B-1BD9D8C99683}"
EndProject
Project("{FAE04EC0-301F-11D3-BF4B-00C04F79EFBC}") = "CompaniesRelations", "CompaniesRelations\CompaniesRelations.csproj", "{41BECF92-FB07-42D1-B68A-5F8D49216A58}"
EndProject
Project("{2150E333-8FDC-42A3-9474-1A3956D46DE8}") = "Veles", "Veles", "{2C3FC279-DBED-4171-B641-B0FCC26C72CC}"
EndProject
Project("{FAE04EC0-301F-11D3-BF4B-00C04F79EFBC}") = "VelesTestTask", "VelesTestTask\VelesTestTask.csproj", "{79279417-2DE0-479E-9C37-56ECDA64B56B}"
EndProject
Project("{FAE04EC0-301F-11D3-BF4B-00C04F79EFBC}") = "Client", "Client\Client.csproj", "{24036C35-DCC1-40EE-93B5-194F486A4931}"
EndProject
Project("{2150E333-8FDC-42A3-9474-1A3956D46DE8}") = "JobTestTasks", "JobTestTasks", "{59E668A4-3D43-480A-9F5E-3955C1C769D5}"
EndProject
Project("{2150E333-8FDC-42A3-9474-1A3956D46DE8}") = "Kaspersky", "Kaspersky", "{2A4919BE-18EA-411B-8BCE-79DBC2A8F885}"
EndProject
Project("{2150E333-8FDC-42A3-9474-1A3956D46DE8}") = "Helpers", "Helpers", "{82C0601D-812A-46E9-9B7B-355C56985C5B}"
EndProject
Project("{FAE04EC0-301F-11D3-BF4B-00C04F79EFBC}") = "RemoveLinesFromFile", "RemoveLinesFromFile\RemoveLinesFromFile.csproj", "{5405565F-DE3C-4E94-92C0-5FB0E2616BD2}"
EndProject
Project("{FAE04EC0-301F-11D3-BF4B-00C04F79EFBC}") = "OpenCSProjFiles", "OpenCSProjFiles\OpenCSProjFiles.csproj", "{06B4352B-EFA2-4E15-BCFD-04B50070CFF1}"
EndProject
Global
	GlobalSection(SolutionConfigurationPlatforms) = preSolution
		Debug|Any CPU = Debug|Any CPU
		Release|Any CPU = Release|Any CPU
	EndGlobalSection
	GlobalSection(ProjectConfigurationPlatforms) = postSolution
		{01E8AD3A-8637-4902-A818-83DCB8520DD7}.Debug|Any CPU.ActiveCfg = Debug|Any CPU
		{01E8AD3A-8637-4902-A818-83DCB8520DD7}.Debug|Any CPU.Build.0 = Debug|Any CPU
		{01E8AD3A-8637-4902-A818-83DCB8520DD7}.Release|Any CPU.ActiveCfg = Release|Any CPU
		{01E8AD3A-8637-4902-A818-83DCB8520DD7}.Release|Any CPU.Build.0 = Release|Any CPU
		{F524DFDD-CDBA-4EA7-AC1D-1CC3041F4BC4}.Debug|Any CPU.ActiveCfg = Debug|Any CPU
		{F524DFDD-CDBA-4EA7-AC1D-1CC3041F4BC4}.Debug|Any CPU.Build.0 = Debug|Any CPU
		{F524DFDD-CDBA-4EA7-AC1D-1CC3041F4BC4}.Release|Any CPU.ActiveCfg = Release|Any CPU
		{F524DFDD-CDBA-4EA7-AC1D-1CC3041F4BC4}.Release|Any CPU.Build.0 = Release|Any CPU
		{168CEB5E-D507-43E5-9D9B-1BD9D8C99683}.Debug|Any CPU.ActiveCfg = Debug|Any CPU
		{168CEB5E-D507-43E5-9D9B-1BD9D8C99683}.Debug|Any CPU.Build.0 = Debug|Any CPU
		{168CEB5E-D507-43E5-9D9B-1BD9D8C99683}.Release|Any CPU.ActiveCfg = Release|Any CPU
		{168CEB5E-D507-43E5-9D9B-1BD9D8C99683}.Release|Any CPU.Build.0 = Release|Any CPU
		{41BECF92-FB07-42D1-B68A-5F8D49216A58}.Debug|Any CPU.ActiveCfg = Debug|Any CPU
		{41BECF92-FB07-42D1-B68A-5F8D49216A58}.Debug|Any CPU.Build.0 = Debug|Any CPU
		{41BECF92-FB07-42D1-B68A-5F8D49216A58}.Release|Any CPU.ActiveCfg = Release|Any CPU
		{41BECF92-FB07-42D1-B68A-5F8D49216A58}.Release|Any CPU.Build.0 = Release|Any CPU
		{79279417-2DE0-479E-9C37-56ECDA64B56B}.Debug|Any CPU.ActiveCfg = Debug|Any CPU
		{79279417-2DE0-479E-9C37-56ECDA64B56B}.Debug|Any CPU.Build.0 = Debug|Any CPU
		{79279417-2DE0-479E-9C37-56ECDA64B56B}.Release|Any CPU.ActiveCfg = Release|Any CPU
		{79279417-2DE0-479E-9C37-56ECDA64B56B}.Release|Any CPU.Build.0 = Release|Any CPU
		{24036C35-DCC1-40EE-93B5-194F486A4931}.Debug|Any CPU.ActiveCfg = Debug|Any CPU
		{24036C35-DCC1-40EE-93B5-194F486A4931}.Debug|Any CPU.Build.0 = Debug|Any CPU
		{24036C35-DCC1-40EE-93B5-194F486A4931}.Release|Any CPU.ActiveCfg = Release|Any CPU
		{24036C35-DCC1-40EE-93B5-194F486A4931}.Release|Any CPU.Build.0 = Release|Any CPU
		{5405565F-DE3C-4E94-92C0-5FB0E2616BD2}.Debug|Any CPU.ActiveCfg = Debug|Any CPU
		{5405565F-DE3C-4E94-92C0-5FB0E2616BD2}.Debug|Any CPU.Build.0 = Debug|Any CPU
		{5405565F-DE3C-4E94-92C0-5FB0E2616BD2}.Release|Any CPU.ActiveCfg = Release|Any CPU
		{5405565F-DE3C-4E94-92C0-5FB0E2616BD2}.Release|Any CPU.Build.0 = Release|Any CPU
		{06B4352B-EFA2-4E15-BCFD-04B50070CFF1}.Debug|Any CPU.ActiveCfg = Debug|Any CPU
		{06B4352B-EFA2-4E15-BCFD-04B50070CFF1}.Debug|Any CPU.Build.0 = Debug|Any CPU
		{06B4352B-EFA2-4E15-BCFD-04B50070CFF1}.Release|Any CPU.ActiveCfg = Release|Any CPU
		{06B4352B-EFA2-4E15-BCFD-04B50070CFF1}.Release|Any CPU.Build.0 = Release|Any CPU
	EndGlobalSection
	GlobalSection(SolutionProperties) = preSolution
		HideSolutionNode = FALSE
	EndGlobalSection
	GlobalSection(NestedProjects) = preSolution
		{01E8AD3A-8637-4902-A818-83DCB8520DD7} = {59E668A4-3D43-480A-9F5E-3955C1C769D5}
		{F524DFDD-CDBA-4EA7-AC1D-1CC3041F4BC4} = {2A4919BE-18EA-411B-8BCE-79DBC2A8F885}
		{168CEB5E-D507-43E5-9D9B-1BD9D8C99683} = {2A4919BE-18EA-411B-8BCE-79DBC2A8F885}
		{2C3FC279-DBED-4171-B641-B0FCC26C72CC} = {59E668A4-3D43-480A-9F5E-3955C1C769D5}
		{79279417-2DE0-479E-9C37-56ECDA64B56B} = {2C3FC279-DBED-4171-B641-B0FCC26C72CC}
		{24036C35-DCC1-40EE-93B5-194F486A4931} = {2C3FC279-DBED-4171-B641-B0FCC26C72CC}
		{2A4919BE-18EA-411B-8BCE-79DBC2A8F885} = {59E668A4-3D43-480A-9F5E-3955C1C769D5}
		{5405565F-DE3C-4E94-92C0-5FB0E2616BD2} = {82C0601D-812A-46E9-9B7B-355C56985C5B}
		{06B4352B-EFA2-4E15-BCFD-04B50070CFF1} = {82C0601D-812A-46E9-9B7B-355C56985C5B}
	EndGlobalSection
EndGlobal
